
Microsoft Visual Studio Solution File, Format Version 12.00
# Visual Studio Version 17
VisualStudioVersion = 17.0.31903.59
MinimumVisualStudioVersion = 10.0.40219.1
Project("{2150E333-8FDC-42A3-9474-1A3956D46DE8}") = "src", "src", "{4044D4EA-615F-447C-ACA1-86E9F7C3B25C}"
EndProject
Project("{FAE04EC0-301F-11D3-BF4B-00C04F79EFBC}") = "Messaging.API", "src\Messaging.API\Messaging.API.csproj", "{ADA93B59-504B-4C5E-B980-BCF152F178ED}"
EndProject
Project("{FAE04EC0-301F-11D3-BF4B-00C04F79EFBC}") = "Messaging.Application", "src\Messaging.Application\Messaging.Application.csproj", "{4721CA38-5EF4-4BA3-9D81-286E852C048A}"
EndProject
Project("{FAE04EC0-301F-11D3-BF4B-00C04F79EFBC}") = "Messaging.Domain", "src\Messaging.Domain\Messaging.Domain.csproj", "{84399BD7-A7B2-4F95-B496-C969F7823B92}"
EndProject
Project("{FAE04EC0-301F-11D3-BF4B-00C04F79EFBC}") = "Messaging.Infrastructure", "src\Messaging.Infrastructure\Messaging.Infrastructure.csproj", "{D41FD519-6523-4439-B027-13F356B44856}"
EndProject
Project("{FAE04EC0-301F-11D3-BF4B-00C04F79EFBC}") = "Messaging.SignalrHub", "src\Messaging.SignalrHub\Messaging.SignalrHub.csproj", "{5A32FA8A-3E2A-4722-B6E6-8BB2D47427E5}"
EndProject
Project("{2150E333-8FDC-42A3-9474-1A3956D46DE8}") = "test", "test", "{2D2B630C-BD6B-447F-A6A9-2254E2D6F647}"
EndProject
Project("{2150E333-8FDC-42A3-9474-1A3956D46DE8}") = "packages", "packages", "{577CB26D-3106-42A4-B0BE-B7594D307DD5}"
EndProject
Project("{FAE04EC0-301F-11D3-BF4B-00C04F79EFBC}") = "Messaging.UnitTests", "test\Messaging.UnitTests\Messaging.UnitTests.csproj", "{DF1507A1-9928-462E-AC53-BEA737D576CF}"
EndProject
Project("{FAE04EC0-301F-11D3-BF4B-00C04F79EFBC}") = "Messaging.UI", "src\Messaging.UI\Messaging.UI.csproj", "{37217C8B-5B65-4595-8FB8-F092D8A76172}"
EndProject
Project("{2150E333-8FDC-42A3-9474-1A3956D46DE8}") = "EventBus", "EventBus", "{C2273A38-B020-4B6B-9C64-3B111C56C77D}"
EndProject
Project("{2150E333-8FDC-42A3-9474-1A3956D46DE8}") = "WebHostCustomization", "WebHostCustomization", "{BF02151A-ECF1-4614-8ED7-7AC723DEC24C}"
EndProject
Project("{FAE04EC0-301F-11D3-BF4B-00C04F79EFBC}") = "EventBus", "packages\EventBus\EventBus\EventBus.csproj", "{709C2691-80A9-4296-A3C7-C7BBE61B0747}"
EndProject
Project("{FAE04EC0-301F-11D3-BF4B-00C04F79EFBC}") = "EventBus.Tests", "packages\EventBus\EventBus.Tests\EventBus.Tests.csproj", "{C214AF97-EF51-4F6D-915F-D845D95E2E15}"
EndProject
Project("{FAE04EC0-301F-11D3-BF4B-00C04F79EFBC}") = "EventBusRabbitMQ", "packages\EventBus\EventBusRabbitMQ\EventBusRabbitMQ.csproj", "{2EB14449-D09C-45DE-A9FB-C89849D2C418}"
EndProject
Project("{FAE04EC0-301F-11D3-BF4B-00C04F79EFBC}") = "IntegrationEventLogEF", "packages\EventBus\IntegrationEventLogEF\IntegrationEventLogEF.csproj", "{F6048EC8-F784-488A-8BCF-AB010C10BA07}"
EndProject
Project("{FAE04EC0-301F-11D3-BF4B-00C04F79EFBC}") = "WebHost.Customization", "packages\WebHostCustomization\WebHost.Customization\WebHost.Customization.csproj", "{EF3A5874-680D-44CB-9A57-02DF7504CD4B}"
EndProject
Global
	GlobalSection(SolutionConfigurationPlatforms) = preSolution
		Debug|Any CPU = Debug|Any CPU
		Release|Any CPU = Release|Any CPU
	EndGlobalSection
	GlobalSection(SolutionProperties) = preSolution
		HideSolutionNode = FALSE
	EndGlobalSection
	GlobalSection(NestedProjects) = preSolution
		{ADA93B59-504B-4C5E-B980-BCF152F178ED} = {4044D4EA-615F-447C-ACA1-86E9F7C3B25C}
		{4721CA38-5EF4-4BA3-9D81-286E852C048A} = {4044D4EA-615F-447C-ACA1-86E9F7C3B25C}
		{84399BD7-A7B2-4F95-B496-C969F7823B92} = {4044D4EA-615F-447C-ACA1-86E9F7C3B25C}
		{D41FD519-6523-4439-B027-13F356B44856} = {4044D4EA-615F-447C-ACA1-86E9F7C3B25C}
		{5A32FA8A-3E2A-4722-B6E6-8BB2D47427E5} = {4044D4EA-615F-447C-ACA1-86E9F7C3B25C}
		{DF1507A1-9928-462E-AC53-BEA737D576CF} = {2D2B630C-BD6B-447F-A6A9-2254E2D6F647}
		{37217C8B-5B65-4595-8FB8-F092D8A76172} = {4044D4EA-615F-447C-ACA1-86E9F7C3B25C}
		{C2273A38-B020-4B6B-9C64-3B111C56C77D} = {577CB26D-3106-42A4-B0BE-B7594D307DD5}
		{BF02151A-ECF1-4614-8ED7-7AC723DEC24C} = {577CB26D-3106-42A4-B0BE-B7594D307DD5}
		{709C2691-80A9-4296-A3C7-C7BBE61B0747} = {C2273A38-B020-4B6B-9C64-3B111C56C77D}
		{C214AF97-EF51-4F6D-915F-D845D95E2E15} = {C2273A38-B020-4B6B-9C64-3B111C56C77D}
		{2EB14449-D09C-45DE-A9FB-C89849D2C418} = {C2273A38-B020-4B6B-9C64-3B111C56C77D}
		{F6048EC8-F784-488A-8BCF-AB010C10BA07} = {C2273A38-B020-4B6B-9C64-3B111C56C77D}
		{EF3A5874-680D-44CB-9A57-02DF7504CD4B} = {BF02151A-ECF1-4614-8ED7-7AC723DEC24C}
	EndGlobalSection
	GlobalSection(ProjectConfigurationPlatforms) = postSolution
		{ADA93B59-504B-4C5E-B980-BCF152F178ED}.Debug|Any CPU.ActiveCfg = Debug|Any CPU
		{ADA93B59-504B-4C5E-B980-BCF152F178ED}.Debug|Any CPU.Build.0 = Debug|Any CPU
		{ADA93B59-504B-4C5E-B980-BCF152F178ED}.Release|Any CPU.ActiveCfg = Release|Any CPU
		{ADA93B59-504B-4C5E-B980-BCF152F178ED}.Release|Any CPU.Build.0 = Release|Any CPU
		{4721CA38-5EF4-4BA3-9D81-286E852C048A}.Debug|Any CPU.ActiveCfg = Debug|Any CPU
		{4721CA38-5EF4-4BA3-9D81-286E852C048A}.Debug|Any CPU.Build.0 = Debug|Any CPU
		{4721CA38-5EF4-4BA3-9D81-286E852C048A}.Release|Any CPU.ActiveCfg = Release|Any CPU
		{4721CA38-5EF4-4BA3-9D81-286E852C048A}.Release|Any CPU.Build.0 = Release|Any CPU
		{84399BD7-A7B2-4F95-B496-C969F7823B92}.Debug|Any CPU.ActiveCfg = Debug|Any CPU
		{84399BD7-A7B2-4F95-B496-C969F7823B92}.Debug|Any CPU.Build.0 = Debug|Any CPU
		{84399BD7-A7B2-4F95-B496-C969F7823B92}.Release|Any CPU.ActiveCfg = Release|Any CPU
		{84399BD7-A7B2-4F95-B496-C969F7823B92}.Release|Any CPU.Build.0 = Release|Any CPU
		{D41FD519-6523-4439-B027-13F356B44856}.Debug|Any CPU.ActiveCfg = Debug|Any CPU
		{D41FD519-6523-4439-B027-13F356B44856}.Debug|Any CPU.Build.0 = Debug|Any CPU
		{D41FD519-6523-4439-B027-13F356B44856}.Release|Any CPU.ActiveCfg = Release|Any CPU
		{D41FD519-6523-4439-B027-13F356B44856}.Release|Any CPU.Build.0 = Release|Any CPU
		{5A32FA8A-3E2A-4722-B6E6-8BB2D47427E5}.Debug|Any CPU.ActiveCfg = Debug|Any CPU
		{5A32FA8A-3E2A-4722-B6E6-8BB2D47427E5}.Debug|Any CPU.Build.0 = Debug|Any CPU
		{5A32FA8A-3E2A-4722-B6E6-8BB2D47427E5}.Release|Any CPU.ActiveCfg = Release|Any CPU
		{5A32FA8A-3E2A-4722-B6E6-8BB2D47427E5}.Release|Any CPU.Build.0 = Release|Any CPU
		{DF1507A1-9928-462E-AC53-BEA737D576CF}.Debug|Any CPU.ActiveCfg = Debug|Any CPU
		{DF1507A1-9928-462E-AC53-BEA737D576CF}.Debug|Any CPU.Build.0 = Debug|Any CPU
		{DF1507A1-9928-462E-AC53-BEA737D576CF}.Release|Any CPU.ActiveCfg = Release|Any CPU
		{DF1507A1-9928-462E-AC53-BEA737D576CF}.Release|Any CPU.Build.0 = Release|Any CPU
		{37217C8B-5B65-4595-8FB8-F092D8A76172}.Debug|Any CPU.ActiveCfg = Debug|Any CPU
		{37217C8B-5B65-4595-8FB8-F092D8A76172}.Debug|Any CPU.Build.0 = Debug|Any CPU
		{37217C8B-5B65-4595-8FB8-F092D8A76172}.Release|Any CPU.ActiveCfg = Release|Any CPU
		{37217C8B-5B65-4595-8FB8-F092D8A76172}.Release|Any CPU.Build.0 = Release|Any CPU
		{709C2691-80A9-4296-A3C7-C7BBE61B0747}.Debug|Any CPU.ActiveCfg = Debug|Any CPU
		{709C2691-80A9-4296-A3C7-C7BBE61B0747}.Debug|Any CPU.Build.0 = Debug|Any CPU
		{709C2691-80A9-4296-A3C7-C7BBE61B0747}.Release|Any CPU.ActiveCfg = Release|Any CPU
		{709C2691-80A9-4296-A3C7-C7BBE61B0747}.Release|Any CPU.Build.0 = Release|Any CPU
		{C214AF97-EF51-4F6D-915F-D845D95E2E15}.Debug|Any CPU.ActiveCfg = Debug|Any CPU
		{C214AF97-EF51-4F6D-915F-D845D95E2E15}.Debug|Any CPU.Build.0 = Debug|Any CPU
		{C214AF97-EF51-4F6D-915F-D845D95E2E15}.Release|Any CPU.ActiveCfg = Release|Any CPU
		{C214AF97-EF51-4F6D-915F-D845D95E2E15}.Release|Any CPU.Build.0 = Release|Any CPU
		{2EB14449-D09C-45DE-A9FB-C89849D2C418}.Debug|Any CPU.ActiveCfg = Debug|Any CPU
		{2EB14449-D09C-45DE-A9FB-C89849D2C418}.Debug|Any CPU.Build.0 = Debug|Any CPU
		{2EB14449-D09C-45DE-A9FB-C89849D2C418}.Release|Any CPU.ActiveCfg = Release|Any CPU
		{2EB14449-D09C-45DE-A9FB-C89849D2C418}.Release|Any CPU.Build.0 = Release|Any CPU
		{F6048EC8-F784-488A-8BCF-AB010C10BA07}.Debug|Any CPU.ActiveCfg = Debug|Any CPU
		{F6048EC8-F784-488A-8BCF-AB010C10BA07}.Debug|Any CPU.Build.0 = Debug|Any CPU
		{F6048EC8-F784-488A-8BCF-AB010C10BA07}.Release|Any CPU.ActiveCfg = Release|Any CPU
		{F6048EC8-F784-488A-8BCF-AB010C10BA07}.Release|Any CPU.Build.0 = Release|Any CPU
		{EF3A5874-680D-44CB-9A57-02DF7504CD4B}.Debug|Any CPU.ActiveCfg = Debug|Any CPU
		{EF3A5874-680D-44CB-9A57-02DF7504CD4B}.Debug|Any CPU.Build.0 = Debug|Any CPU
		{EF3A5874-680D-44CB-9A57-02DF7504CD4B}.Release|Any CPU.ActiveCfg = Release|Any CPU
		{EF3A5874-680D-44CB-9A57-02DF7504CD4B}.Release|Any CPU.Build.0 = Release|Any CPU
	EndGlobalSection
EndGlobal
