
Microsoft Visual Studio Solution File, Format Version 12.00
# Visual Studio Version 17
VisualStudioVersion = 17.0.31903.59
MinimumVisualStudioVersion = 10.0.40219.1
Project("{2150E333-8FDC-42A3-9474-1A3956D46DE8}") = "src", "src", "{4044D4EA-615F-447C-ACA1-86E9F7C3B25C}"
EndProject
Project("{FAE04EC0-301F-11D3-BF4B-00C04F79EFBC}") = "Messaging.API", "src\Messaging.API\Messaging.API.csproj", "{ADA93B59-504B-4C5E-B980-BCF152F178ED}"
EndProject
Project("{FAE04EC0-301F-11D3-BF4B-00C04F79EFBC}") = "Messaging.Application", "src\Messaging.Application\Messaging.Application.csproj", "{4721CA38-5EF4-4BA3-9D81-286E852C048A}"
EndProject
Project("{FAE04EC0-301F-11D3-BF4B-00C04F79EFBC}") = "Messaging.Domain", "src\Messaging.Domain\Messaging.Domain.csproj", "{84399BD7-A7B2-4F95-B496-C969F7823B92}"
EndProject
Project("{FAE04EC0-301F-11D3-BF4B-00C04F79EFBC}") = "Messaging.Infrastructure", "src\Messaging.Infrastructure\Messaging.Infrastructure.csproj", "{D41FD519-6523-4439-B027-13F356B44856}"
EndProject
Project("{FAE04EC0-301F-11D3-BF4B-00C04F79EFBC}") = "Messaging.SignalrHub", "src\Messaging.SignalrHub\Messaging.SignalrHub.csproj", "{5A32FA8A-3E2A-4722-B6E6-8BB2D47427E5}"
EndProject
Project("{2150E333-8FDC-42A3-9474-1A3956D46DE8}") = "test", "test", "{2D2B630C-BD6B-447F-A6A9-2254E2D6F647}"
EndProject
Project("{2150E333-8FDC-42A3-9474-1A3956D46DE8}") = "pkg", "pkg", "{577CB26D-3106-42A4-B0BE-B7594D307DD5}"
EndProject
Project("{2150E333-8FDC-42A3-9474-1A3956D46DE8}") = "EventBus", "EventBus", "{00AD95B6-B88B-425C-9959-D4C119DF0F99}"
EndProject
Project("{FAE04EC0-301F-11D3-BF4B-00C04F79EFBC}") = "EventBus", "pkg\EventBus\EventBus\EventBus.csproj", "{EDAA2832-0659-4148-8DEF-E8887B9353EC}"
EndProject
Project("{FAE04EC0-301F-11D3-BF4B-00C04F79EFBC}") = "EventBusRabbitMQ", "pkg\EventBus\EventBusRabbitMQ\EventBusRabbitMQ.csproj", "{65B422F2-6756-4F6C-8D6B-DF40C1461C0A}"
EndProject
Project("{FAE04EC0-301F-11D3-BF4B-00C04F79EFBC}") = "IntegrationEventLogEF", "pkg\EventBus\IntegrationEventLogEF\IntegrationEventLogEF.csproj", "{F3D54347-696C-4B75-AAB9-044D485B8D0D}"
EndProject
Project("{FAE04EC0-301F-11D3-BF4B-00C04F79EFBC}") = "EventBus.Tests", "pkg\EventBus\EventBus.Tests\EventBus.Tests.csproj", "{1269A5CD-3586-4526-88E5-C4C42A93A2A0}"
EndProject
Project("{FAE04EC0-301F-11D3-BF4B-00C04F79EFBC}") = "Messaging.UnitTests", "test\Messaging.UnitTests\Messaging.UnitTests.csproj", "{DF1507A1-9928-462E-AC53-BEA737D576CF}"
EndProject
Project("{FAE04EC0-301F-11D3-BF4B-00C04F79EFBC}") = "Messaging.UI", "src\Messaging.UI\Messaging.UI.csproj", "{37217C8B-5B65-4595-8FB8-F092D8A76172}"
EndProject
Global
	GlobalSection(SolutionConfigurationPlatforms) = preSolution
		Debug|Any CPU = Debug|Any CPU
		Release|Any CPU = Release|Any CPU
	EndGlobalSection
	GlobalSection(SolutionProperties) = preSolution
		HideSolutionNode = FALSE
	EndGlobalSection
	GlobalSection(NestedProjects) = preSolution
		{ADA93B59-504B-4C5E-B980-BCF152F178ED} = {4044D4EA-615F-447C-ACA1-86E9F7C3B25C}
		{4721CA38-5EF4-4BA3-9D81-286E852C048A} = {4044D4EA-615F-447C-ACA1-86E9F7C3B25C}
		{84399BD7-A7B2-4F95-B496-C969F7823B92} = {4044D4EA-615F-447C-ACA1-86E9F7C3B25C}
		{D41FD519-6523-4439-B027-13F356B44856} = {4044D4EA-615F-447C-ACA1-86E9F7C3B25C}
		{5A32FA8A-3E2A-4722-B6E6-8BB2D47427E5} = {4044D4EA-615F-447C-ACA1-86E9F7C3B25C}
		{00AD95B6-B88B-425C-9959-D4C119DF0F99} = {577CB26D-3106-42A4-B0BE-B7594D307DD5}
		{EDAA2832-0659-4148-8DEF-E8887B9353EC} = {00AD95B6-B88B-425C-9959-D4C119DF0F99}
		{65B422F2-6756-4F6C-8D6B-DF40C1461C0A} = {00AD95B6-B88B-425C-9959-D4C119DF0F99}
		{F3D54347-696C-4B75-AAB9-044D485B8D0D} = {00AD95B6-B88B-425C-9959-D4C119DF0F99}
		{1269A5CD-3586-4526-88E5-C4C42A93A2A0} = {00AD95B6-B88B-425C-9959-D4C119DF0F99}
		{DF1507A1-9928-462E-AC53-BEA737D576CF} = {2D2B630C-BD6B-447F-A6A9-2254E2D6F647}
		{37217C8B-5B65-4595-8FB8-F092D8A76172} = {4044D4EA-615F-447C-ACA1-86E9F7C3B25C}
	EndGlobalSection
	GlobalSection(ProjectConfigurationPlatforms) = postSolution
		{ADA93B59-504B-4C5E-B980-BCF152F178ED}.Debug|Any CPU.ActiveCfg = Debug|Any CPU
		{ADA93B59-504B-4C5E-B980-BCF152F178ED}.Debug|Any CPU.Build.0 = Debug|Any CPU
		{ADA93B59-504B-4C5E-B980-BCF152F178ED}.Release|Any CPU.ActiveCfg = Release|Any CPU
		{ADA93B59-504B-4C5E-B980-BCF152F178ED}.Release|Any CPU.Build.0 = Release|Any CPU
		{4721CA38-5EF4-4BA3-9D81-286E852C048A}.Debug|Any CPU.ActiveCfg = Debug|Any CPU
		{4721CA38-5EF4-4BA3-9D81-286E852C048A}.Debug|Any CPU.Build.0 = Debug|Any CPU
		{4721CA38-5EF4-4BA3-9D81-286E852C048A}.Release|Any CPU.ActiveCfg = Release|Any CPU
		{4721CA38-5EF4-4BA3-9D81-286E852C048A}.Release|Any CPU.Build.0 = Release|Any CPU
		{84399BD7-A7B2-4F95-B496-C969F7823B92}.Debug|Any CPU.ActiveCfg = Debug|Any CPU
		{84399BD7-A7B2-4F95-B496-C969F7823B92}.Debug|Any CPU.Build.0 = Debug|Any CPU
		{84399BD7-A7B2-4F95-B496-C969F7823B92}.Release|Any CPU.ActiveCfg = Release|Any CPU
		{84399BD7-A7B2-4F95-B496-C969F7823B92}.Release|Any CPU.Build.0 = Release|Any CPU
		{D41FD519-6523-4439-B027-13F356B44856}.Debug|Any CPU.ActiveCfg = Debug|Any CPU
		{D41FD519-6523-4439-B027-13F356B44856}.Debug|Any CPU.Build.0 = Debug|Any CPU
		{D41FD519-6523-4439-B027-13F356B44856}.Release|Any CPU.ActiveCfg = Release|Any CPU
		{D41FD519-6523-4439-B027-13F356B44856}.Release|Any CPU.Build.0 = Release|Any CPU
		{5A32FA8A-3E2A-4722-B6E6-8BB2D47427E5}.Debug|Any CPU.ActiveCfg = Debug|Any CPU
		{5A32FA8A-3E2A-4722-B6E6-8BB2D47427E5}.Debug|Any CPU.Build.0 = Debug|Any CPU
		{5A32FA8A-3E2A-4722-B6E6-8BB2D47427E5}.Release|Any CPU.ActiveCfg = Release|Any CPU
		{5A32FA8A-3E2A-4722-B6E6-8BB2D47427E5}.Release|Any CPU.Build.0 = Release|Any CPU
		{EDAA2832-0659-4148-8DEF-E8887B9353EC}.Debug|Any CPU.ActiveCfg = Debug|Any CPU
		{EDAA2832-0659-4148-8DEF-E8887B9353EC}.Debug|Any CPU.Build.0 = Debug|Any CPU
		{EDAA2832-0659-4148-8DEF-E8887B9353EC}.Release|Any CPU.ActiveCfg = Release|Any CPU
		{EDAA2832-0659-4148-8DEF-E8887B9353EC}.Release|Any CPU.Build.0 = Release|Any CPU
		{65B422F2-6756-4F6C-8D6B-DF40C1461C0A}.Debug|Any CPU.ActiveCfg = Debug|Any CPU
		{65B422F2-6756-4F6C-8D6B-DF40C1461C0A}.Debug|Any CPU.Build.0 = Debug|Any CPU
		{65B422F2-6756-4F6C-8D6B-DF40C1461C0A}.Release|Any CPU.ActiveCfg = Release|Any CPU
		{65B422F2-6756-4F6C-8D6B-DF40C1461C0A}.Release|Any CPU.Build.0 = Release|Any CPU
		{F3D54347-696C-4B75-AAB9-044D485B8D0D}.Debug|Any CPU.ActiveCfg = Debug|Any CPU
		{F3D54347-696C-4B75-AAB9-044D485B8D0D}.Debug|Any CPU.Build.0 = Debug|Any CPU
		{F3D54347-696C-4B75-AAB9-044D485B8D0D}.Release|Any CPU.ActiveCfg = Release|Any CPU
		{F3D54347-696C-4B75-AAB9-044D485B8D0D}.Release|Any CPU.Build.0 = Release|Any CPU
		{1269A5CD-3586-4526-88E5-C4C42A93A2A0}.Debug|Any CPU.ActiveCfg = Debug|Any CPU
		{1269A5CD-3586-4526-88E5-C4C42A93A2A0}.Debug|Any CPU.Build.0 = Debug|Any CPU
		{1269A5CD-3586-4526-88E5-C4C42A93A2A0}.Release|Any CPU.ActiveCfg = Release|Any CPU
		{1269A5CD-3586-4526-88E5-C4C42A93A2A0}.Release|Any CPU.Build.0 = Release|Any CPU
		{DF1507A1-9928-462E-AC53-BEA737D576CF}.Debug|Any CPU.ActiveCfg = Debug|Any CPU
		{DF1507A1-9928-462E-AC53-BEA737D576CF}.Debug|Any CPU.Build.0 = Debug|Any CPU
		{DF1507A1-9928-462E-AC53-BEA737D576CF}.Release|Any CPU.ActiveCfg = Release|Any CPU
		{DF1507A1-9928-462E-AC53-BEA737D576CF}.Release|Any CPU.Build.0 = Release|Any CPU
		{37217C8B-5B65-4595-8FB8-F092D8A76172}.Debug|Any CPU.ActiveCfg = Debug|Any CPU
		{37217C8B-5B65-4595-8FB8-F092D8A76172}.Debug|Any CPU.Build.0 = Debug|Any CPU
		{37217C8B-5B65-4595-8FB8-F092D8A76172}.Release|Any CPU.ActiveCfg = Release|Any CPU
		{37217C8B-5B65-4595-8FB8-F092D8A76172}.Release|Any CPU.Build.0 = Release|Any CPU
	EndGlobalSection
EndGlobal
